
Microsoft Visual Studio Solution File, Format Version 12.00
# Visual Studio Version 17
VisualStudioVersion = 17.9.34723.18
MinimumVisualStudioVersion = 10.0.40219.1
Project("{FAE04EC0-301F-11D3-BF4B-00C04F79EFBC}") = "Motion_Sim", "Motion_Sim.csproj", "{D7A59423-50CC-442D-8B48-820C9CFB409D}"
EndProject
Global
	GlobalSection(SolutionConfigurationPlatforms) = preSolution
		Debug|Any CPU = Debug|Any CPU
		Release|Any CPU = Release|Any CPU
	EndGlobalSection
	GlobalSection(ProjectConfigurationPlatforms) = postSolution
		{D7A59423-50CC-442D-8B48-820C9CFB409D}.Debug|Any CPU.ActiveCfg = Debug|Any CPU
		{D7A59423-50CC-442D-8B48-820C9CFB409D}.Debug|Any CPU.Build.0 = Debug|Any CPU
		{D7A59423-50CC-442D-8B48-820C9CFB409D}.Release|Any CPU.ActiveCfg = Release|Any CPU
		{D7A59423-50CC-442D-8B48-820C9CFB409D}.Release|Any CPU.Build.0 = Release|Any CPU
	EndGlobalSection
	GlobalSection(SolutionProperties) = preSolution
		HideSolutionNode = FALSE
	EndGlobalSection
	GlobalSection(ExtensibilityGlobals) = postSolution
		SolutionGuid = {F7D6C27C-8C97-4A59-8555-511D88281132}
	EndGlobalSection
EndGlobal
